
Microsoft Visual Studio Solution File, Format Version 12.00
# Visual Studio Version 16
VisualStudioVersion = 25.0.1706.11
MinimumVisualStudioVersion = 10.0.40219.1
Project("{FAE04EC0-301F-11D3-BF4B-00C04F79EFBC}") = "TechnicalAxos_MarcosCasor", "TechnicalAxos_MarcosCasor\TechnicalAxos_MarcosCasor.csproj", "{75A55DE3-DA63-462D-BF61-B266B1F70F61}"
EndProject
Project("{FAE04EC0-301F-11D3-BF4B-00C04F79EFBC}") = "UnitTest", "UnitTest\UnitTest.csproj", "{C439AB44-674C-418F-A4FB-401CAD9A9F69}"
EndProject
Global
	GlobalSection(SolutionConfigurationPlatforms) = preSolution
		Debug|Any CPU = Debug|Any CPU
		Release|Any CPU = Release|Any CPU
	EndGlobalSection
	GlobalSection(ProjectConfigurationPlatforms) = postSolution
		{75A55DE3-DA63-462D-BF61-B266B1F70F61}.Debug|Any CPU.ActiveCfg = Debug|Any CPU
		{75A55DE3-DA63-462D-BF61-B266B1F70F61}.Debug|Any CPU.Build.0 = Debug|Any CPU
		{75A55DE3-DA63-462D-BF61-B266B1F70F61}.Release|Any CPU.ActiveCfg = Release|Any CPU
		{75A55DE3-DA63-462D-BF61-B266B1F70F61}.Release|Any CPU.Build.0 = Release|Any CPU
		{C439AB44-674C-418F-A4FB-401CAD9A9F69}.Debug|Any CPU.ActiveCfg = Debug|Any CPU
		{C439AB44-674C-418F-A4FB-401CAD9A9F69}.Debug|Any CPU.Build.0 = Debug|Any CPU
		{C439AB44-674C-418F-A4FB-401CAD9A9F69}.Release|Any CPU.ActiveCfg = Release|Any CPU
		{C439AB44-674C-418F-A4FB-401CAD9A9F69}.Release|Any CPU.Build.0 = Release|Any CPU
	EndGlobalSection
	GlobalSection(SolutionProperties) = preSolution
		HideSolutionNode = FALSE
	EndGlobalSection
	GlobalSection(ExtensibilityGlobals) = postSolution
		SolutionGuid = {19AC8FB7-3E85-4C3D-9FDF-8F642F03FBD1}
	EndGlobalSection
EndGlobal
